
Microsoft Visual Studio Solution File, Format Version 12.00
# Visual Studio 15
VisualStudioVersion = 15.0.27428.2037
MinimumVisualStudioVersion = 10.0.40219.1
Project("{888888A0-9F3D-457C-B088-3A5042F75D52}") = "turtle", "turtle\turtle.pyproj", "{AFB4BABD-39CC-41BE-961D-297A5337B5BD}"
EndProject
Global
	GlobalSection(SolutionConfigurationPlatforms) = preSolution
		Debug|Any CPU = Debug|Any CPU
		Release|Any CPU = Release|Any CPU
	EndGlobalSection
	GlobalSection(ProjectConfigurationPlatforms) = postSolution
		{AFB4BABD-39CC-41BE-961D-297A5337B5BD}.Debug|Any CPU.ActiveCfg = Debug|Any CPU
		{AFB4BABD-39CC-41BE-961D-297A5337B5BD}.Release|Any CPU.ActiveCfg = Release|Any CPU
	EndGlobalSection
	GlobalSection(SolutionProperties) = preSolution
		HideSolutionNode = FALSE
	EndGlobalSection
	GlobalSection(ExtensibilityGlobals) = postSolution
		SolutionGuid = {F146A3F3-5B1F-4847-A6AF-62864DF056D3}
	EndGlobalSection
EndGlobal
